Microsoft Visual Studio Solution File, Format Version 12.00
# Visual Studio Version 17
VisualStudioVersion = 17.5.2.0
MinimumVisualStudioVersion = 10.0.40219.1
Project("{FAE04EC0-301F-11D3-BF4B-00C04F79EFBC}") = "equipment-maintenance-log", "equipment-maintenance-log.csproj", "{E3CC9A26-3F6B-C08B-2AB4-7FE0842C3212}"
EndProject
Global
	GlobalSection(SolutionConfigurationPlatforms) = preSolution
		Debug|Any CPU = Debug|Any CPU
		Release|Any CPU = Release|Any CPU
	EndGlobalSection
	GlobalSection(ProjectConfigurationPlatforms) = postSolution
		{E3CC9A26-3F6B-C08B-2AB4-7FE0842C3212}.Debug|Any CPU.ActiveCfg = Debug|Any CPU
		{E3CC9A26-3F6B-C08B-2AB4-7FE0842C3212}.Debug|Any CPU.Build.0 = Debug|Any CPU
		{E3CC9A26-3F6B-C08B-2AB4-7FE0842C3212}.Release|Any CPU.ActiveCfg = Release|Any CPU
		{E3CC9A26-3F6B-C08B-2AB4-7FE0842C3212}.Release|Any CPU.Build.0 = Release|Any CPU
	EndGlobalSection
	GlobalSection(SolutionProperties) = preSolution
		HideSolutionNode = FALSE
	EndGlobalSection
	GlobalSection(ExtensibilityGlobals) = postSolution
		SolutionGuid = {FCEDCC40-99BB-4B67-B5D1-8DD9BDEECB1E}
	EndGlobalSection
EndGlobal
